
Microsoft Visual Studio Solution File, Format Version 12.00
# Visual Studio Version 17
VisualStudioVersion = 17.9.34728.123
MinimumVisualStudioVersion = 10.0.40219.1
Project("{FAE04EC0-301F-11D3-BF4B-00C04F79EFBC}") = "MyTodoList_001", "MyTodoList_001\MyTodoList_001.csproj", "{6DB68D72-5F66-480E-B564-1D5E4E75F427}"
EndProject
Global
	GlobalSection(SolutionConfigurationPlatforms) = preSolution
		Debug|Any CPU = Debug|Any CPU
		Release|Any CPU = Release|Any CPU
	EndGlobalSection
	GlobalSection(ProjectConfigurationPlatforms) = postSolution
		{6DB68D72-5F66-480E-B564-1D5E4E75F427}.Debug|Any CPU.ActiveCfg = Debug|Any CPU
		{6DB68D72-5F66-480E-B564-1D5E4E75F427}.Debug|Any CPU.Build.0 = Debug|Any CPU
		{6DB68D72-5F66-480E-B564-1D5E4E75F427}.Release|Any CPU.ActiveCfg = Release|Any CPU
		{6DB68D72-5F66-480E-B564-1D5E4E75F427}.Release|Any CPU.Build.0 = Release|Any CPU
	EndGlobalSection
	GlobalSection(SolutionProperties) = preSolution
		HideSolutionNode = FALSE
	EndGlobalSection
	GlobalSection(ExtensibilityGlobals) = postSolution
		SolutionGuid = {259180A3-4447-479E-B31C-520373CE7FBE}
	EndGlobalSection
EndGlobal
